
Microsoft Visual Studio Solution File, Format Version 12.00
# Visual Studio Version 17
VisualStudioVersion = 17.2.32526.322
MinimumVisualStudioVersion = 10.0.40219.1
Project("{FAE04EC0-301F-11D3-BF4B-00C04F79EFBC}") = "ToDoApp", "ToDoApp\ToDoApp.csproj", "{5C00DAD5-3200-4F1E-B476-3F028941627E}"
EndProject
Global
	GlobalSection(SolutionConfigurationPlatforms) = preSolution
		Debug|Any CPU = Debug|Any CPU
		Release|Any CPU = Release|Any CPU
	EndGlobalSection
	GlobalSection(ProjectConfigurationPlatforms) = postSolution
		{5C00DAD5-3200-4F1E-B476-3F028941627E}.Debug|Any CPU.ActiveCfg = Debug|Any CPU
		{5C00DAD5-3200-4F1E-B476-3F028941627E}.Debug|Any CPU.Build.0 = Debug|Any CPU
		{5C00DAD5-3200-4F1E-B476-3F028941627E}.Release|Any CPU.ActiveCfg = Release|Any CPU
		{5C00DAD5-3200-4F1E-B476-3F028941627E}.Release|Any CPU.Build.0 = Release|Any CPU
	EndGlobalSection
	GlobalSection(SolutionProperties) = preSolution
		HideSolutionNode = FALSE
	EndGlobalSection
	GlobalSection(ExtensibilityGlobals) = postSolution
		SolutionGuid = {F38D376B-320F-47E7-9AA5-B9473D173311}
	EndGlobalSection
EndGlobal
